// !$*UTF8*$!
{
	archiveVersion = 1;
	classes = {
	};
	objectVersion = 50;
	objects = {

/* Begin PBXBuildFile section */
		5EB6C22C2331CFE300D96631 /* AppDelegate.swift in Sources */ = {isa = PBXBuildFile; fileRef = 5EB6C22B2331CFE300D96631 /* AppDelegate.swift */; };
		5EB6C22E2331CFE300D96631 /* ViewController.swift in Sources */ = {isa = PBXBuildFile; fileRef = 5EB6C22D2331CFE300D96631 /* ViewController.swift */; };
		5EB6C2312331CFE300D96631 /* Main.storyboard in Resources */ = {isa = PBXBuildFile; fileRef = 5EB6C22F2331CFE300D96631 /* Main.storyboard */; };
		5EB6C2342331CFE300D96631 /* MejaFix.xcdatamodeld in Sources */ = {isa = PBXBuildFile; fileRef = 5EB6C2322331CFE300D96631 /* MejaFix.xcdatamodeld */; };
		5EB6C2362331CFE500D96631 /* Assets.xcassets in Resources */ = {isa = PBXBuildFile; fileRef = 5EB6C2352331CFE500D96631 /* Assets.xcassets */; };
		5EB6C2392331CFE500D96631 /* LaunchScreen.storyboard in Resources */ = {isa = PBXBuildFile; fileRef = 5EB6C2372331CFE500D96631 /* LaunchScreen.storyboard */; };
		5EB6C2442331CFE500D96631 /* MejaFixTests.swift in Sources */ = {isa = PBXBuildFile; fileRef = 5EB6C2432331CFE500D96631 /* MejaFixTests.swift */; };
		5EB6C2502331D04900D96631 /* Book.storyboard in Resources */ = {isa = PBXBuildFile; fileRef = 5EB6C24F2331D04900D96631 /* Book.storyboard */; };
		5EB6C2522331D0AC00D96631 /* Account.storyboard in Resources */ = {isa = PBXBuildFile; fileRef = 5EB6C2512331D0AC00D96631 /* Account.storyboard */; };
		5EB6C25523320F5700D96631 /* BookViewController.swift in Sources */ = {isa = PBXBuildFile; fileRef = 5EB6C25423320F5700D96631 /* BookViewController.swift */; };
		5EB6C2572332145A00D96631 /* PopupViewController.swift in Sources */ = {isa = PBXBuildFile; fileRef = 5EB6C2562332145A00D96631 /* PopupViewController.swift */; };
/* End PBXBuildFile section */

/* Begin PBXContainerItemProxy section */
		5EB6C2402331CFE500D96631 /* PBXContainerItemProxy */ = {
			isa = PBXContainerItemProxy;
			containerPortal = 5EB6C2202331CFE300D96631 /* Project object */;
			proxyType = 1;
			remoteGlobalIDString = 5EB6C2272331CFE300D96631;
			remoteInfo = MejaFix;
		};
/* End PBXContainerItemProxy section */

/* Begin PBXFileReference section */
		5EB6C2282331CFE300D96631 /* MejaFix.app */ = {isa = PBXFileReference; explicitFileType = wrapper.application; includeInIndex = 0; path = MejaFix.app; sourceTree = BUILT_PRODUCTS_DIR; };
		5EB6C22B2331CFE300D96631 /* AppDelegate.swift */ = {isa = PBXFileReference; lastKnownFileType = sourcecode.swift; path = AppDelegate.swift; sourceTree = "<group>"; };
		5EB6C22D2331CFE300D96631 /* ViewController.swift */ = {isa = PBXFileReference; lastKnownFileType = sourcecode.swift; path = ViewController.swift; sourceTree = "<group>"; };
		5EB6C2302331CFE300D96631 /* Base */ = {isa = PBXFileReference; lastKnownFileType = file.storyboard; name = Base; path = Base.lproj/Main.storyboard; sourceTree = "<group>"; };
		5EB6C2332331CFE300D96631 /* MejaFix.xcdatamodel */ = {isa = PBXFileReference; lastKnownFileType = wrapper.xcdatamodel; path = MejaFix.xcdatamodel; sourceTree = "<group>"; };
		5EB6C2352331CFE500D96631 /* Assets.xcassets */ = {isa = PBXFileReference; lastKnownFileType = folder.assetcatalog; path = Assets.xcassets; sourceTree = "<group>"; };
		5EB6C2382331CFE500D96631 /* Base */ = {isa = PBXFileReference; lastKnownFileType = file.storyboard; name = Base; path = Base.lproj/LaunchScreen.storyboard; sourceTree = "<group>"; };
		5EB6C23A2331CFE500D96631 /* Info.plist */ = {isa = PBXFileReference; lastKnownFileType = text.plist.xml; path = Info.plist; sourceTree = "<group>"; };
		5EB6C23F2331CFE500D96631 /* MejaFixTests.xctest */ = {isa = PBXFileReference; explicitFileType = wrapper.cfbundle; includeInIndex = 0; path = MejaFixTests.xctest; sourceTree = BUILT_PRODUCTS_DIR; };
		5EB6C2432331CFE500D96631 /* MejaFixTests.swift */ = {isa = PBXFileReference; lastKnownFileType = sourcecode.swift; path = MejaFixTests.swift; sourceTree = "<group>"; };
		5EB6C2452331CFE500D96631 /* Info.plist */ = {isa = PBXFileReference; lastKnownFileType = text.plist.xml; path = Info.plist; sourceTree = "<group>"; };
		5EB6C24F2331D04900D96631 /* Book.storyboard */ = {isa = PBXFileReference; lastKnownFileType = file.storyboard; path = Book.storyboard; sourceTree = "<group>"; };
		5EB6C2512331D0AC00D96631 /* Account.storyboard */ = {isa = PBXFileReference; lastKnownFileType = file.storyboard; path = Account.storyboard; sourceTree = "<group>"; };
		5EB6C25423320F5700D96631 /* BookViewController.swift */ = {isa = PBXFileReference; lastKnownFileType = sourcecode.swift; path = BookViewController.swift; sourceTree = "<group>"; };
		5EB6C2562332145A00D96631 /* PopupViewController.swift */ = {isa = PBXFileReference; lastKnownFileType = sourcecode.swift; path = PopupViewController.swift; sourceTree = "<group>"; };
/* End PBXFileReference section */

/* Begin PBXFrameworksBuildPhase section */
		5EB6C2252331CFE300D96631 /* Frameworks */ = {
			isa = PBXFrameworksBuildPhase;
			buildActionMask = 2147483647;
			files = (
			);
			runOnlyForDeploymentPostprocessing = 0;
		};
		5EB6C23C2331CFE500D96631 /* Frameworks */ = {
			isa = PBXFrameworksBuildPhase;
			buildActionMask = 2147483647;
			files = (
			);
			runOnlyForDeploymentPostprocessing = 0;
		};
/* End PBXFrameworksBuildPhase section */

/* Begin PBXGroup section */
		5EB6C21F2331CFE300D96631 = {
			isa = PBXGroup;
			children = (
				5EB6C22A2331CFE300D96631 /* MejaFix */,
				5EB6C2422331CFE500D96631 /* MejaFixTests */,
				5EB6C2292331CFE300D96631 /* Products */,
			);
			sourceTree = "<group>";
		};
		5EB6C2292331CFE300D96631 /* Products */ = {
			isa = PBXGroup;
			children = (
				5EB6C2282331CFE300D96631 /* MejaFix.app */,
				5EB6C23F2331CFE500D96631 /* MejaFixTests.xctest */,
			);
			name = Products;
			sourceTree = "<group>";
		};
		5EB6C22A2331CFE300D96631 /* MejaFix */ = {
			isa = PBXGroup;
			children = (
				5EB6C2532331D50C00D96631 /* Controllers */,
				5EB6C24E2331D02900D96631 /* Storyboards */,
				5EB6C22B2331CFE300D96631 /* AppDelegate.swift */,
				5EB6C2352331CFE500D96631 /* Assets.xcassets */,
				5EB6C23A2331CFE500D96631 /* Info.plist */,
				5EB6C2322331CFE300D96631 /* MejaFix.xcdatamodeld */,
			);
			path = MejaFix;
			sourceTree = "<group>";
		};
		5EB6C2422331CFE500D96631 /* MejaFixTests */ = {
			isa = PBXGroup;
			children = (
				5EB6C2432331CFE500D96631 /* MejaFixTests.swift */,
				5EB6C2452331CFE500D96631 /* Info.plist */,
			);
			path = MejaFixTests;
			sourceTree = "<group>";
		};
		5EB6C24E2331D02900D96631 /* Storyboards */ = {
			isa = PBXGroup;
			children = (
				5EB6C2372331CFE500D96631 /* LaunchScreen.storyboard */,
				5EB6C22F2331CFE300D96631 /* Main.storyboard */,
				5EB6C24F2331D04900D96631 /* Book.storyboard */,
				5EB6C2512331D0AC00D96631 /* Account.storyboard */,
			);
			path = Storyboards;
			sourceTree = "<group>";
		};
		5EB6C2532331D50C00D96631 /* Controllers */ = {
			isa = PBXGroup;
			children = (
				5EB6C22D2331CFE300D96631 /* ViewController.swift */,
				5EB6C25423320F5700D96631 /* BookViewController.swift */,
				5EB6C2562332145A00D96631 /* PopupViewController.swift */,
			);
			path = Controllers;
			sourceTree = "<group>";
		};
/* End PBXGroup section */

/* Begin PBXNativeTarget section */
		5EB6C2272331CFE300D96631 /* MejaFix */ = {
			isa = PBXNativeTarget;
			buildConfigurationList = 5EB6C2482331CFE500D96631 /* Build configuration list for PBXNativeTarget "MejaFix" */;
			buildPhases = (
				5EB6C2242331CFE300D96631 /* Sources */,
				5EB6C2252331CFE300D96631 /* Frameworks */,
				5EB6C2262331CFE300D96631 /* Resources */,
			);
			buildRules = (
			);
			dependencies = (
			);
			name = MejaFix;
			productName = MejaFix;
			productReference = 5EB6C2282331CFE300D96631 /* MejaFix.app */;
			productType = "com.apple.product-type.application";
		};
		5EB6C23E2331CFE500D96631 /* MejaFixTests */ = {
			isa = PBXNativeTarget;
			buildConfigurationList = 5EB6C24B2331CFE500D96631 /* Build configuration list for PBXNativeTarget "MejaFixTests" */;
			buildPhases = (
				5EB6C23B2331CFE500D96631 /* Sources */,
				5EB6C23C2331CFE500D96631 /* Frameworks */,
				5EB6C23D2331CFE500D96631 /* Resources */,
			);
			buildRules = (
			);
			dependencies = (
				5EB6C2412331CFE500D96631 /* PBXTargetDependency */,
			);
			name = MejaFixTests;
			productName = MejaFixTests;
			productReference = 5EB6C23F2331CFE500D96631 /* MejaFixTests.xctest */;
			productType = "com.apple.product-type.bundle.unit-test";
		};
/* End PBXNativeTarget section */

/* Begin PBXProject section */
		5EB6C2202331CFE300D96631 /* Project object */ = {
			isa = PBXProject;
			attributes = {
				LastSwiftUpdateCheck = 1020;
				LastUpgradeCheck = 1020;
				ORGANIZATIONNAME = "Mirza Fachreza";
				TargetAttributes = {
					5EB6C2272331CFE300D96631 = {
						CreatedOnToolsVersion = 10.2;
					};
					5EB6C23E2331CFE500D96631 = {
						CreatedOnToolsVersion = 10.2;
						TestTargetID = 5EB6C2272331CFE300D96631;
					};
				};
			};
			buildConfigurationList = 5EB6C2232331CFE300D96631 /* Build configuration list for PBXProject "MejaFix" */;
			compatibilityVersion = "Xcode 9.3";
			developmentRegion = en;
			hasScannedForEncodings = 0;
			knownRegions = (
				en,
				Base,
			);
			mainGroup = 5EB6C21F2331CFE300D96631;
			productRefGroup = 5EB6C2292331CFE300D96631 /* Products */;
			projectDirPath = "";
			projectRoot = "";
			targets = (
				5EB6C2272331CFE300D96631 /* MejaFix */,
				5EB6C23E2331CFE500D96631 /* MejaFixTests */,
			);
		};
/* End PBXProject section */

/* Begin PBXResourcesBuildPhase section */
		5EB6C2262331CFE300D96631 /* Resources */ = {
			isa = PBXResourcesBuildPhase;
			buildActionMask = 2147483647;
			files = (
				5EB6C2392331CFE500D96631 /* LaunchScreen.storyboard in Resources */,
				5EB6C2502331D04900D96631 /* Book.storyboard in Resources */,
				5EB6C2522331D0AC00D96631 /* Account.storyboard in Resources */,
				5EB6C2362331CFE500D96631 /* Assets.xcassets in Resources */,
				5EB6C2312331CFE300D96631 /* Main.storyboard in Resources */,
			);
			runOnlyForDeploymentPostprocessing = 0;
		};
		5EB6C23D2331CFE500D96631 /* Resources */ = {
			isa = PBXResourcesBuildPhase;
			buildActionMask = 2147483647;
			files = (
			);
			runOnlyForDeploymentPostprocessing = 0;
		};
/* End PBXResourcesBuildPhase section */

/* Begin PBXSourcesBuildPhase section */
		5EB6C2242331CFE300D96631 /* Sources */ = {
			isa = PBXSourcesBuildPhase;
			buildActionMask = 2147483647;
			files = (
				5EB6C2572332145A00D96631 /* PopupViewController.swift in Sources */,
				5EB6C2342331CFE300D96631 /* MejaFix.xcdatamodeld in Sources */,
				5EB6C25523320F5700D96631 /* BookViewController.swift in Sources */,
				5EB6C22E2331CFE300D96631 /* ViewController.swift in Sources */,
				5EB6C22C2331CFE300D96631 /* AppDelegate.swift in Sources */,
			);
			runOnlyForDeploymentPostprocessing = 0;
		};
		5EB6C23B2331CFE500D96631 /* Sources */ = {
			isa = PBXSourcesBuildPhase;
			buildActionMask = 2147483647;
			files = (
				5EB6C2442331CFE500D96631 /* MejaFixTests.swift in Sources */,
			);
			runOnlyForDeploymentPostprocessing = 0;
		};
/* End PBXSourcesBuildPhase section */

/* Begin PBXTargetDependency section */
		5EB6C2412331CFE500D96631 /* PBXTargetDependency */ = {
			isa = PBXTargetDependency;
			target = 5EB6C2272331CFE300D96631 /* MejaFix */;
			targetProxy = 5EB6C2402331CFE500D96631 /* PBXContainerItemProxy */;
		};
/* End PBXTargetDependency section */

/* Begin PBXVariantGroup section */
		5EB6C22F2331CFE300D96631 /* Main.storyboard */ = {
			isa = PBXVariantGroup;
			children = (
				5EB6C2302331CFE300D96631 /* Base */,
			);
			name = Main.storyboard;
			sourceTree = "<group>";
		};
		5EB6C2372331CFE500D96631 /* LaunchScreen.storyboard */ = {
			isa = PBXVariantGroup;
			children = (
				5EB6C2382331CFE500D96631 /* Base */,
			);
			name = LaunchScreen.storyboard;
			sourceTree = "<group>";
		};
/* End PBXVariantGroup section */

/* Begin XCBuildConfiguration section */
		5EB6C2462331CFE500D96631 /* Debug */ = {
			isa = XCBuildConfiguration;
			buildSettings = {
				ALWAYS_SEARCH_USER_PATHS = NO;
				CLANG_ANALYZER_NONNULL = YES;
				CLANG_ANALYZER_NUMBER_OBJECT_CONVERSION = YES_AGGRESSIVE;
				CLANG_CXX_LANGUAGE_STANDARD = "gnu++14";
				CLANG_CXX_LIBRARY = "libc++";
				CLANG_ENABLE_MODULES = YES;
				CLANG_ENABLE_OBJC_ARC = YES;
				CLANG_ENABLE_OBJC_WEAK = YES;
				CLANG_WARN_BLOCK_CAPTURE_AUTORELEASING = YES;
				CLANG_WARN_BOOL_CONVERSION = YES;
				CLANG_WARN_COMMA = YES;
				CLANG_WARN_CONSTANT_CONVERSION = YES;
				CLANG_WARN_DEPRECATED_OBJC_IMPLEMENTATIONS = YES;
				CLANG_WARN_DIRECT_OBJC_ISA_USAGE = YES_ERROR;
				CLANG_WARN_DOCUMENTATION_COMMENTS = YES;
				CLANG_WARN_EMPTY_BODY = YES;
				CLANG_WARN_ENUM_CONVERSION = YES;
				CLANG_WARN_INFINITE_RECURSION = YES;
				CLANG_WARN_INT_CONVERSION = YES;
				CLANG_WARN_NON_LITERAL_NULL_CONVERSION = YES;
				CLANG_WARN_OBJC_IMPLICIT_RETAIN_SELF = YES;
				CLANG_WARN_OBJC_LITERAL_CONVERSION = YES;
				CLANG_WARN_OBJC_ROOT_CLASS = YES_ERROR;
				CLANG_WARN_RANGE_LOOP_ANALYSIS = YES;
				CLANG_WARN_STRICT_PROTOTYPES = YES;
				CLANG_WARN_SUSPICIOUS_MOVE = YES;
				CLANG_WARN_UNGUARDED_AVAILABILITY = YES_AGGRESSIVE;
				CLANG_WARN_UNREACHABLE_CODE = YES;
				CLANG_WARN__DUPLICATE_METHOD_MATCH = YES;
				CODE_SIGN_IDENTITY = "iPhone Developer";
				COPY_PHASE_STRIP = NO;
				DEBUG_INFORMATION_FORMAT = dwarf;
				ENABLE_STRICT_OBJC_MSGSEND = YES;
				ENABLE_TESTABILITY = YES;
				GCC_C_LANGUAGE_STANDARD = gnu11;
				GCC_DYNAMIC_NO_PIC = NO;
				GCC_NO_COMMON_BLOCKS = YES;
				GCC_OPTIMIZATION_LEVEL = 0;
				GCC_PREPROCESSOR_DEFINITIONS = (
					"DEBUG=1",
					"$(inherited)",
				);
				GCC_WARN_64_TO_32_BIT_CONVERSION = YES;
				GCC_WARN_ABOUT_RETURN_TYPE = YES_ERROR;
				GCC_WARN_UNDECLARED_SELECTOR = YES;
				GCC_WARN_UNINITIALIZED_AUTOS = YES_AGGRESSIVE;
				GCC_WARN_UNUSED_FUNCTION = YES;
				GCC_WARN_UNUSED_VARIABLE = YES;
				IPHONEOS_DEPLOYMENT_TARGET = 12.2;
				MTL_ENABLE_DEBUG_INFO = INCLUDE_SOURCE;
				MTL_FAST_MATH = YES;
				ONLY_ACTIVE_ARCH = YES;
				SDKROOT = iphoneos;
				SWIFT_ACTIVE_COMPILATION_CONDITIONS = DEBUG;
				SWIFT_OPTIMIZATION_LEVEL = "-Onone";
			};
			name = Debug;
		};
		5EB6C2472331CFE500D96631 /* Release */ = {
			isa = XCBuildConfiguration;
			buildSettings = {
				ALWAYS_SEARCH_USER_PATHS = NO;
				CLANG_ANALYZER_NONNULL = YES;
				CLANG_ANALYZER_NUMBER_OBJECT_CONVERSION = YES_AGGRESSIVE;
				CLANG_CXX_LANGUAGE_STANDARD = "gnu++14";
				CLANG_CXX_LIBRARY = "libc++";
				CLANG_ENABLE_MODULES = YES;
				CLANG_ENABLE_OBJC_ARC = YES;
				CLANG_ENABLE_OBJC_WEAK = YES;
				CLANG_WARN_BLOCK_CAPTURE_AUTORELEASING = YES;
				CLANG_WARN_BOOL_CONVERSION = YES;
				CLANG_WARN_COMMA = YES;
				CLANG_WARN_CONSTANT_CONVERSION = YES;
				CLANG_WARN_DEPRECATED_OBJC_IMPLEMENTATIONS = YES;
				CLANG_WARN_DIRECT_OBJC_ISA_USAGE = YES_ERROR;
				CLANG_WARN_DOCUMENTATION_COMMENTS = YES;
				CLANG_WARN_EMPTY_BODY = YES;
				CLANG_WARN_ENUM_CONVERSION = YES;
				CLANG_WARN_INFINITE_RECURSION = YES;
				CLANG_WARN_INT_CONVERSION = YES;
				CLANG_WARN_NON_LITERAL_NULL_CONVERSION = YES;
				CLANG_WARN_OBJC_IMPLICIT_RETAIN_SELF = YES;
				CLANG_WARN_OBJC_LITERAL_CONVERSION = YES;
				CLANG_WARN_OBJC_ROOT_CLASS = YES_ERROR;
				CLANG_WARN_RANGE_LOOP_ANALYSIS = YES;
				CLANG_WARN_STRICT_PROTOTYPES = YES;
				CLANG_WARN_SUSPICIOUS_MOVE = YES;
				CLANG_WARN_UNGUARDED_AVAILABILITY = YES_AGGRESSIVE;
				CLANG_WARN_UNREACHABLE_CODE = YES;
				CLANG_WARN__DUPLICATE_METHOD_MATCH = YES;
				CODE_SIGN_IDENTITY = "iPhone Developer";
				COPY_PHASE_STRIP = NO;
				DEBUG_INFORMATION_FORMAT = "dwarf-with-dsym";
				ENABLE_NS_ASSERTIONS = NO;
				ENABLE_STRICT_OBJC_MSGSEND = YES;
				GCC_C_LANGUAGE_STANDARD = gnu11;
				GCC_NO_COMMON_BLOCKS = YES;
				GCC_WARN_64_TO_32_BIT_CONVERSION = YES;
				GCC_WARN_ABOUT_RETURN_TYPE = YES_ERROR;
				GCC_WARN_UNDECLARED_SELECTOR = YES;
				GCC_WARN_UNINITIALIZED_AUTOS = YES_AGGRESSIVE;
				GCC_WARN_UNUSED_FUNCTION = YES;
				GCC_WARN_UNUSED_VARIABLE = YES;
				IPHONEOS_DEPLOYMENT_TARGET = 12.2;
				MTL_ENABLE_DEBUG_INFO = NO;
				MTL_FAST_MATH = YES;
				SDKROOT = iphoneos;
				SWIFT_COMPILATION_MODE = wholemodule;
				SWIFT_OPTIMIZATION_LEVEL = "-O";
				VALIDATE_PRODUCT = YES;
			};
			name = Release;
		};
		5EB6C2492331CFE500D96631 /* Debug */ = {
			isa = XCBuildConfiguration;
			buildSettings = {
				ASSETCATALOG_COMPILER_APPICON_NAME = AppIcon;
				CODE_SIGN_STYLE = Automatic;
				DEVELOPMENT_TEAM = SMULT229RF;
				INFOPLIST_FILE = MejaFix/Info.plist;
				LD_RUNPATH_SEARCH_PATHS = (
					"$(inherited)",
					"@executable_path/Frameworks",
				);
				PRODUCT_BUNDLE_IDENTIFIER = com.chaplinear.MejaFix;
				PRODUCT_NAME = "$(TARGET_NAME)";
				SWIFT_VERSION = 5.0;
				TARGETED_DEVICE_FAMILY = "1,2";
			};
			name = Debug;
		};
		5EB6C24A2331CFE500D96631 /* Release */ = {
			isa = XCBuildConfiguration;
			buildSettings = {
				ASSETCATALOG_COMPILER_APPICON_NAME = AppIcon;
				CODE_SIGN_STYLE = Automatic;
				DEVELOPMENT_TEAM = SMULT229RF;
				INFOPLIST_FILE = MejaFix/Info.plist;
				LD_RUNPATH_SEARCH_PATHS = (
					"$(inherited)",
					"@executable_path/Frameworks",
				);
				PRODUCT_BUNDLE_IDENTIFIER = com.chaplinear.MejaFix;
				PRODUCT_NAME = "$(TARGET_NAME)";
				SWIFT_VERSION = 5.0;
				TARGETED_DEVICE_FAMILY = "1,2";
			};
			name = Release;
		};
		5EB6C24C2331CFE500D96631 /* Debug */ = {
			isa = XCBuildConfiguration;
			buildSettings = {
				ALWAYS_EMBED_SWIFT_STANDARD_LIBRARIES = YES;
				BUNDLE_LOADER = "$(TEST_HOST)";
				CODE_SIGN_STYLE = Automatic;
				DEVELOPMENT_TEAM = SMULT229RF;
				INFOPLIST_FILE = MejaFixTests/Info.plist;
				LD_RUNPATH_SEARCH_PATHS = (
					"$(inherited)",
					"@executable_path/Frameworks",
					"@loader_path/Frameworks",
				);
				PRODUCT_BUNDLE_IDENTIFIER = com.chaplinear.MejaFixTests;
				PRODUCT_NAME = "$(TARGET_NAME)";
				SWIFT_VERSION = 5.0;
				TARGETED_DEVICE_FAMILY = "1,2";
				TEST_HOST = "$(BUILT_PRODUCTS_DIR)/MejaFix.app/MejaFix";
			};
			name = Debug;
		};
		5EB6C24D2331CFE500D96631 /* Release */ = {
			isa = XCBuildConfiguration;
			buildSettings = {
				ALWAYS_EMBED_SWIFT_STANDARD_LIBRARIES = YES;
				BUNDLE_LOADER = "$(TEST_HOST)";
				CODE_SIGN_STYLE = Automatic;
				DEVELOPMENT_TEAM = SMULT229RF;
				INFOPLIST_FILE = MejaFixTests/Info.plist;
				LD_RUNPATH_SEARCH_PATHS = (
					"$(inherited)",
					"@executable_path/Frameworks",
					"@loader_path/Frameworks",
				);
				PRODUCT_BUNDLE_IDENTIFIER = com.chaplinear.MejaFixTests;
				PRODUCT_NAME = "$(TARGET_NAME)";
				SWIFT_VERSION = 5.0;
				TARGETED_DEVICE_FAMILY = "1,2";
				TEST_HOST = "$(BUILT_PRODUCTS_DIR)/MejaFix.app/MejaFix";
			};
			name = Release;
		};
/* End XCBuildConfiguration section */

/* Begin XCConfigurationList section */
		5EB6C2232331CFE300D96631 /* Build configuration list for PBXProject "MejaFix" */ = {
			isa = XCConfigurationList;
			buildConfigurations = (
				5EB6C2462331CFE500D96631 /* Debug */,
				5EB6C2472331CFE500D96631 /* Release */,
			);
			defaultConfigurationIsVisible = 0;
			defaultConfigurationName = Release;
		};
		5EB6C2482331CFE500D96631 /* Build configuration list for PBXNativeTarget "MejaFix" */ = {
			isa = XCConfigurationList;
			buildConfigurations = (
				5EB6C2492331CFE500D96631 /* Debug */,
				5EB6C24A2331CFE500D96631 /* Release */,
			);
			defaultConfigurationIsVisible = 0;
			defaultConfigurationName = Release;
		};
		5EB6C24B2331CFE500D96631 /* Build configuration list for PBXNativeTarget "MejaFixTests" */ = {
			isa = XCConfigurationList;
			buildConfigurations = (
				5EB6C24C2331CFE500D96631 /* Debug */,
				5EB6C24D2331CFE500D96631 /* Release */,
			);
			defaultConfigurationIsVisible = 0;
			defaultConfigurationName = Release;
		};
/* End XCConfigurationList section */

/* Begin XCVersionGroup section */
		5EB6C2322331CFE300D96631 /* MejaFix.xcdatamodeld */ = {
			isa = XCVersionGroup;
			children = (
				5EB6C2332331CFE300D96631 /* MejaFix.xcdatamodel */,
			);
			currentVersion = 5EB6C2332331CFE300D96631 /* MejaFix.xcdatamodel */;
			path = MejaFix.xcdatamodeld;
			sourceTree = "<group>";
			versionGroupType = wrapper.xcdatamodel;
		};
/* End XCVersionGroup section */
	};
	rootObject = 5EB6C2202331CFE300D96631 /* Project object */;
}
